
Microsoft Visual Studio Solution File, Format Version 12.00
# Visual Studio Version 17
VisualStudioVersion = 17.4.32912.340
MinimumVisualStudioVersion = 10.0.40219.1
Project("{FAE04EC0-301F-11D3-BF4B-00C04F79EFBC}") = "patternsolver", "patternsolver.csproj", "{18812A7B-5196-457F-AD60-AA57F769431A}"
EndProject
Global
	GlobalSection(SolutionConfigurationPlatforms) = preSolution
		Debug|Any CPU = Debug|Any CPU
		Release|Any CPU = Release|Any CPU
	EndGlobalSection
	GlobalSection(ProjectConfigurationPlatforms) = postSolution
		{18812A7B-5196-457F-AD60-AA57F769431A}.Debug|Any CPU.ActiveCfg = Debug|Any CPU
		{18812A7B-5196-457F-AD60-AA57F769431A}.Debug|Any CPU.Build.0 = Debug|Any CPU
		{18812A7B-5196-457F-AD60-AA57F769431A}.Release|Any CPU.ActiveCfg = Release|Any CPU
		{18812A7B-5196-457F-AD60-AA57F769431A}.Release|Any CPU.Build.0 = Release|Any CPU
	EndGlobalSection
	GlobalSection(SolutionProperties) = preSolution
		HideSolutionNode = FALSE
	EndGlobalSection
	GlobalSection(ExtensibilityGlobals) = postSolution
		SolutionGuid = {504055E6-8211-4056-AE83-2FE4671B479E}
	EndGlobalSection
EndGlobal
